<?xml version="1.0" encoding="utf-8"?>
<Project ToolsVersion="4.0" xmlns="http://schemas.microsoft.com/developer/msbuild/2003">
  <ItemGroup>
    <Filter Include="include">
      <UniqueIdentifier>{93995380-89BD-4b04-88EB-625FBE52EBFB}</UniqueIdentifier>
      <Extensions>h;hh;hpp;hxx;h++;hm;inl;inc;ipp;xsd</Extensions>
    </Filter>
    <Filter Include="include\languages">
      <UniqueIdentifier>{286c32a0-7075-452d-82e7-2c0d61784f7e}</UniqueIdentifier>
    </Filter>
    <Filter Include="src">
      <UniqueIdentifier>{4FC737F1-C7A5-4376-A066-2A32D752A2FF}</UniqueIdentifier>
      <Extensions>cpp;c;cc;cxx;c++;cppm;ixx;def;odl;idl;hpj;bat;asm;asmx</Extensions>
    </Filter>
    <Filter Include="src\languages">
      <UniqueIdentifier>{bc373031-eb5a-4706-a981-246065744eda}</UniqueIdentifier>
    </Filter>
    <Filter Include="src\interface">
      <UniqueIdentifier>{bc888831-eb5a-4706-a981-246065744eda}</UniqueIdentifier>
    </Filter>
    <Filter Include="langs">
      <UniqueIdentifier>{67DA6AB6-F800-4c08-8B7A-83BB121AAD01}</UniqueIdentifier>
      <Extensions>rc;ico;cur;bmp;dlg;rc2;rct;bin;rgs;gif;jpg;jpeg;jpe;resx;tiff;tif;png;wav;mfcribbon-ms</Extensions>
    </Filter>
  </ItemGroup>
  <ItemGroup>
    <ClCompile Include="src\interface\normal_interface.cpp">
      <Filter>src\interface</Filter>
    </ClCompile>
    <ClCompile Include="src\Tokenizer.cpp">
      <Filter>src</Filter>
    </ClCompile>
    <ClCompile Include="src\Token.cpp">
      <Filter>src</Filter>
    </ClCompile>
    <ClCompile Include="src\ForwardRefMaker.cpp">
      <Filter>src</Filter>
    </ClCompile>
    <ClCompile Include="src\Text.cpp">
      <Filter>src</Filter>
    </ClCompile>
    <ClCompile Include="src\Comparer.cpp">
      <Filter>src</Filter>
    </ClCompile>
    <ClCompile Include="src\PlagCheck.cpp">
      <Filter>src</Filter>
    </ClCompile>
    <ClCompile Include="src\languages\Lang.cpp">
      <Filter>src\languages</Filter>
    </ClCompile>
    <ClCompile Include="src\languages\LangCpp.cpp">
      <Filter>src\languages</Filter>
    </ClCompile>
    <ClCompile Include="src\languages\LangPython.cpp">
      <Filter>src\languages</Filter>
    </ClCompile>
    <ClCompile Include="src\interface\python_interface.cpp">
      <Filter>src\interface</Filter>
    </ClCompile>
  </ItemGroup>
  <ItemGroup>
    <ClInclude Include="include\Tokenizer.h">
      <Filter>include</Filter>
    </ClInclude>
    <ClInclude Include="include\Token.h">
      <Filter>include</Filter>
    </ClInclude>
    <ClInclude Include="include\Idf.h">
      <Filter>include</Filter>
    </ClInclude>
    <ClInclude Include="include\util.h">
      <Filter>include</Filter>
    </ClInclude>
    <ClInclude Include="include\PlagCheck.h">
      <Filter>include</Filter>
    </ClInclude>
    <ClInclude Include="include\ForwardRefMaker.h">
      <Filter>include</Filter>
    </ClInclude>
    <ClInclude Include="include\Text.h">
      <Filter>include</Filter>
    </ClInclude>
    <ClInclude Include="include\Comparer.h">
      <Filter>include</Filter>
    </ClInclude>
    <ClInclude Include="include\languages\Lang.h">
      <Filter>include\languages</Filter>
    </ClInclude>
    <ClInclude Include="include\languages\LangCpp.h">
      <Filter>include\languages</Filter>
    </ClInclude>
    <ClInclude Include="include\languages\LangPython.h">
      <Filter>include\languages</Filter>
    </ClInclude>
  </ItemGroup>
</Project>